// !$*UTF8*$!
{
	archiveVersion = 1;
	classes = {
	};
	objectVersion = 51;
	objects = {

/* Begin PBXBuildFile section */
		3CC81B0A95EA0AE0AC0DE03C /* Pods_WeatherForecastTests.framework in Frameworks */ = {isa = PBXBuildFile; fileRef = 28E0E369D28A08D4E9452B61 /* Pods_WeatherForecastTests.framework */; };
		3E089EB45FC3888F1ADB84E2 /* Pods_WeatherForecast_WeatherForecastUITests.framework in Frameworks */ = {isa = PBXBuildFile; fileRef = E3573B02E094E872064EE585 /* Pods_WeatherForecast_WeatherForecastUITests.framework */; };
		5E6B6B5C24DA5EEC00EEABDF /* AppDelegate.swift in Sources */ = {isa = PBXBuildFile; fileRef = 5E6B6B5B24DA5EEC00EEABDF /* AppDelegate.swift */; };
		5E6B6B5E24DA5EEC00EEABDF /* SceneDelegate.swift in Sources */ = {isa = PBXBuildFile; fileRef = 5E6B6B5D24DA5EEC00EEABDF /* SceneDelegate.swift */; };
		5E6B6B6024DA5EEC00EEABDF /* WeatherForeCastViewController.swift in Sources */ = {isa = PBXBuildFile; fileRef = 5E6B6B5F24DA5EEC00EEABDF /* WeatherForeCastViewController.swift */; };
		5E6B6B6324DA5EEC00EEABDF /* Main.storyboard in Resources */ = {isa = PBXBuildFile; fileRef = 5E6B6B6124DA5EEC00EEABDF /* Main.storyboard */; };
		5E6B6B6524DA5EED00EEABDF /* Assets.xcassets in Resources */ = {isa = PBXBuildFile; fileRef = 5E6B6B6424DA5EED00EEABDF /* Assets.xcassets */; };
		5E6B6B6824DA5EED00EEABDF /* LaunchScreen.storyboard in Resources */ = {isa = PBXBuildFile; fileRef = 5E6B6B6624DA5EED00EEABDF /* LaunchScreen.storyboard */; };
		5E6B6B7324DA5EEE00EEABDF /* WeatherForecastTests.swift in Sources */ = {isa = PBXBuildFile; fileRef = 5E6B6B7224DA5EEE00EEABDF /* WeatherForecastTests.swift */; };
		5E6B6B7E24DA5EEE00EEABDF /* WeatherForecastUITests.swift in Sources */ = {isa = PBXBuildFile; fileRef = 5E6B6B7D24DA5EEE00EEABDF /* WeatherForecastUITests.swift */; };
		5E6B6B9324DA654F00EEABDF /* Coordinate.swift in Sources */ = {isa = PBXBuildFile; fileRef = 5E6B6B9224DA654F00EEABDF /* Coordinate.swift */; };
		5E6B6B9524DA65E500EEABDF /* City.swift in Sources */ = {isa = PBXBuildFile; fileRef = 5E6B6B9424DA65E500EEABDF /* City.swift */; };
		5E6B6B9724DA677500EEABDF /* WeatherItem.swift in Sources */ = {isa = PBXBuildFile; fileRef = 5E6B6B9624DA677500EEABDF /* WeatherItem.swift */; };
		5E6B6B9924DA679E00EEABDF /* Weather.swift in Sources */ = {isa = PBXBuildFile; fileRef = 5E6B6B9824DA679E00EEABDF /* Weather.swift */; };
		5E6B6B9B24DA67FE00EEABDF /* Temperature.swift in Sources */ = {isa = PBXBuildFile; fileRef = 5E6B6B9A24DA67FE00EEABDF /* Temperature.swift */; };
		5EAA3A7F24DA9B32000BAE93 /* APIManager.swift in Sources */ = {isa = PBXBuildFile; fileRef = 5EAA3A7E24DA9B32000BAE93 /* APIManager.swift */; };
		5EAA3A8524DACB8A000BAE93 /* WeatherForcecast.swift in Sources */ = {isa = PBXBuildFile; fileRef = 5EAA3A8424DACB8A000BAE93 /* WeatherForcecast.swift */; };
		5EAA3A8724DB00BC000BAE93 /* Cache.swift in Sources */ = {isa = PBXBuildFile; fileRef = 5EAA3A8624DB00BC000BAE93 /* Cache.swift */; };
		5EAA3A8924DB2B4C000BAE93 /* WeatherForecastListViewPresenter.swift in Sources */ = {isa = PBXBuildFile; fileRef = 5EAA3A8824DB2B4C000BAE93 /* WeatherForecastListViewPresenter.swift */; };
		5EAA3A8B24DB2BA8000BAE93 /* APIManagerTest.swift in Sources */ = {isa = PBXBuildFile; fileRef = 5EAA3A8A24DB2BA8000BAE93 /* APIManagerTest.swift */; };
		5EAA3A8E24DBA58F000BAE93 /* WeatherForecastTableViewCell.swift in Sources */ = {isa = PBXBuildFile; fileRef = 5EAA3A8C24DBA58F000BAE93 /* WeatherForecastTableViewCell.swift */; };
		5EAA3A8F24DBA58F000BAE93 /* WeatherForecastTableViewCell.xib in Resources */ = {isa = PBXBuildFile; fileRef = 5EAA3A8D24DBA58F000BAE93 /* WeatherForecastTableViewCell.xib */; };
		5EAA3A9224DBADEA000BAE93 /* Date+Formatter.swift in Sources */ = {isa = PBXBuildFile; fileRef = 5EAA3A9124DBADEA000BAE93 /* Date+Formatter.swift */; };
		5EE7B4BD24DD0D4200173C24 /* InternetConnection.swift in Sources */ = {isa = PBXBuildFile; fileRef = 5EE7B4BC24DD0D4200173C24 /* InternetConnection.swift */; };
		5EE7B4C224DD324D00173C24 /* WeatherForecastTableViewCellTest.swift in Sources */ = {isa = PBXBuildFile; fileRef = 5EE7B4C124DD324D00173C24 /* WeatherForecastTableViewCellTest.swift */; };
		5EE7B4C424DD3BA900173C24 /* WeatherForecastListViewPresenterTest.swift in Sources */ = {isa = PBXBuildFile; fileRef = 5EE7B4C324DD3BA900173C24 /* WeatherForecastListViewPresenterTest.swift */; };
		9C5C2CE0DF25C40E45D25A82 /* Pods_WeatherForecast.framework in Frameworks */ = {isa = PBXBuildFile; fileRef = FBAF6CA77872D829ABE47EAD /* Pods_WeatherForecast.framework */; };
/* End PBXBuildFile section */

/* Begin PBXContainerItemProxy section */
		5E6B6B6F24DA5EEE00EEABDF /* PBXContainerItemProxy */ = {
			isa = PBXContainerItemProxy;
			containerPortal = 5E6B6B5024DA5EEC00EEABDF /* Project object */;
			proxyType = 1;
			remoteGlobalIDString = 5E6B6B5724DA5EEC00EEABDF;
			remoteInfo = WeatherForecast;
		};
		5E6B6B7A24DA5EEE00EEABDF /* PBXContainerItemProxy */ = {
			isa = PBXContainerItemProxy;
			containerPortal = 5E6B6B5024DA5EEC00EEABDF /* Project object */;
			proxyType = 1;
			remoteGlobalIDString = 5E6B6B5724DA5EEC00EEABDF;
			remoteInfo = WeatherForecast;
		};
/* End PBXContainerItemProxy section */

/* Begin PBXFileReference section */
		28E0E369D28A08D4E9452B61 /* Pods_WeatherForecastTests.framework */ = {isa = PBXFileReference; explicitFileType = wrapper.framework; includeInIndex = 0; path = Pods_WeatherForecastTests.framework; sourceTree = BUILT_PRODUCTS_DIR; };
		5E6B6B5824DA5EEC00EEABDF /* WeatherForecast.app */ = {isa = PBXFileReference; explicitFileType = wrapper.application; includeInIndex = 0; path = WeatherForecast.app; sourceTree = BUILT_PRODUCTS_DIR; };
		5E6B6B5B24DA5EEC00EEABDF /* AppDelegate.swift */ = {isa = PBXFileReference; lastKnownFileType = sourcecode.swift; path = AppDelegate.swift; sourceTree = "<group>"; };
		5E6B6B5D24DA5EEC00EEABDF /* SceneDelegate.swift */ = {isa = PBXFileReference; lastKnownFileType = sourcecode.swift; path = SceneDelegate.swift; sourceTree = "<group>"; };
		5E6B6B5F24DA5EEC00EEABDF /* WeatherForeCastViewController.swift */ = {isa = PBXFileReference; lastKnownFileType = sourcecode.swift; path = WeatherForeCastViewController.swift; sourceTree = "<group>"; };
		5E6B6B6224DA5EEC00EEABDF /* Base */ = {isa = PBXFileReference; lastKnownFileType = file.storyboard; name = Base; path = Base.lproj/Main.storyboard; sourceTree = "<group>"; };
		5E6B6B6424DA5EED00EEABDF /* Assets.xcassets */ = {isa = PBXFileReference; lastKnownFileType = folder.assetcatalog; path = Assets.xcassets; sourceTree = "<group>"; };
		5E6B6B6724DA5EED00EEABDF /* Base */ = {isa = PBXFileReference; lastKnownFileType = file.storyboard; name = Base; path = Base.lproj/LaunchScreen.storyboard; sourceTree = "<group>"; };
		5E6B6B6E24DA5EEE00EEABDF /* WeatherForecastTests.xctest */ = {isa = PBXFileReference; explicitFileType = wrapper.cfbundle; includeInIndex = 0; path = WeatherForecastTests.xctest; sourceTree = BUILT_PRODUCTS_DIR; };
		5E6B6B7224DA5EEE00EEABDF /* WeatherForecastTests.swift */ = {isa = PBXFileReference; lastKnownFileType = sourcecode.swift; path = WeatherForecastTests.swift; sourceTree = "<group>"; };
		5E6B6B7424DA5EEE00EEABDF /* Info.plist */ = {isa = PBXFileReference; lastKnownFileType = text.plist.xml; path = Info.plist; sourceTree = "<group>"; };
		5E6B6B7924DA5EEE00EEABDF /* WeatherForecastUITests.xctest */ = {isa = PBXFileReference; explicitFileType = wrapper.cfbundle; includeInIndex = 0; path = WeatherForecastUITests.xctest; sourceTree = BUILT_PRODUCTS_DIR; };
		5E6B6B7D24DA5EEE00EEABDF /* WeatherForecastUITests.swift */ = {isa = PBXFileReference; lastKnownFileType = sourcecode.swift; path = WeatherForecastUITests.swift; sourceTree = "<group>"; };
		5E6B6B7F24DA5EEE00EEABDF /* Info.plist */ = {isa = PBXFileReference; lastKnownFileType = text.plist.xml; path = Info.plist; sourceTree = "<group>"; };
		5E6B6B9224DA654F00EEABDF /* Coordinate.swift */ = {isa = PBXFileReference; lastKnownFileType = sourcecode.swift; path = Coordinate.swift; sourceTree = "<group>"; };
		5E6B6B9424DA65E500EEABDF /* City.swift */ = {isa = PBXFileReference; lastKnownFileType = sourcecode.swift; path = City.swift; sourceTree = "<group>"; };
		5E6B6B9624DA677500EEABDF /* WeatherItem.swift */ = {isa = PBXFileReference; lastKnownFileType = sourcecode.swift; path = WeatherItem.swift; sourceTree = "<group>"; };
		5E6B6B9824DA679E00EEABDF /* Weather.swift */ = {isa = PBXFileReference; lastKnownFileType = sourcecode.swift; path = Weather.swift; sourceTree = "<group>"; };
		5E6B6B9A24DA67FE00EEABDF /* Temperature.swift */ = {isa = PBXFileReference; lastKnownFileType = sourcecode.swift; path = Temperature.swift; sourceTree = "<group>"; };
		5EAA3A7E24DA9B32000BAE93 /* APIManager.swift */ = {isa = PBXFileReference; lastKnownFileType = sourcecode.swift; path = APIManager.swift; sourceTree = "<group>"; };
		5EAA3A8224DAAA34000BAE93 /* Info.plist */ = {isa = PBXFileReference; fileEncoding = 4; lastKnownFileType = text.plist.xml; path = Info.plist; sourceTree = "<group>"; };
		5EAA3A8424DACB8A000BAE93 /* WeatherForcecast.swift */ = {isa = PBXFileReference; lastKnownFileType = sourcecode.swift; path = WeatherForcecast.swift; sourceTree = "<group>"; };
		5EAA3A8624DB00BC000BAE93 /* Cache.swift */ = {isa = PBXFileReference; lastKnownFileType = sourcecode.swift; path = Cache.swift; sourceTree = "<group>"; };
		5EAA3A8824DB2B4C000BAE93 /* WeatherForecastListViewPresenter.swift */ = {isa = PBXFileReference; lastKnownFileType = sourcecode.swift; path = WeatherForecastListViewPresenter.swift; sourceTree = "<group>"; };
		5EAA3A8A24DB2BA8000BAE93 /* APIManagerTest.swift */ = {isa = PBXFileReference; lastKnownFileType = sourcecode.swift; path = APIManagerTest.swift; sourceTree = "<group>"; };
		5EAA3A8C24DBA58F000BAE93 /* WeatherForecastTableViewCell.swift */ = {isa = PBXFileReference; lastKnownFileType = sourcecode.swift; path = WeatherForecastTableViewCell.swift; sourceTree = "<group>"; };
		5EAA3A8D24DBA58F000BAE93 /* WeatherForecastTableViewCell.xib */ = {isa = PBXFileReference; lastKnownFileType = file.xib; path = WeatherForecastTableViewCell.xib; sourceTree = "<group>"; };
		5EAA3A9124DBADEA000BAE93 /* Date+Formatter.swift */ = {isa = PBXFileReference; lastKnownFileType = sourcecode.swift; path = "Date+Formatter.swift"; sourceTree = "<group>"; };
		5EE7B4BC24DD0D4200173C24 /* InternetConnection.swift */ = {isa = PBXFileReference; lastKnownFileType = sourcecode.swift; path = InternetConnection.swift; sourceTree = "<group>"; };
		5EE7B4C124DD324D00173C24 /* WeatherForecastTableViewCellTest.swift */ = {isa = PBXFileReference; lastKnownFileType = sourcecode.swift; path = WeatherForecastTableViewCellTest.swift; sourceTree = "<group>"; };
		5EE7B4C324DD3BA900173C24 /* WeatherForecastListViewPresenterTest.swift */ = {isa = PBXFileReference; lastKnownFileType = sourcecode.swift; path = WeatherForecastListViewPresenterTest.swift; sourceTree = "<group>"; };
		756F02F42876D0EE280CB968 /* Pods-WeatherForecast-WeatherForecastUITests.release.xcconfig */ = {isa = PBXFileReference; includeInIndex = 1; lastKnownFileType = text.xcconfig; name = "Pods-WeatherForecast-WeatherForecastUITests.release.xcconfig"; path = "Target Support Files/Pods-WeatherForecast-WeatherForecastUITests/Pods-WeatherForecast-WeatherForecastUITests.release.xcconfig"; sourceTree = "<group>"; };
		788A68752194742968223ACD /* Pods-WeatherForecastTests.debug.xcconfig */ = {isa = PBXFileReference; includeInIndex = 1; lastKnownFileType = text.xcconfig; name = "Pods-WeatherForecastTests.debug.xcconfig"; path = "Target Support Files/Pods-WeatherForecastTests/Pods-WeatherForecastTests.debug.xcconfig"; sourceTree = "<group>"; };
		82D822B1664FE2E10348086F /* Pods-WeatherForecastTests.release.xcconfig */ = {isa = PBXFileReference; includeInIndex = 1; lastKnownFileType = text.xcconfig; name = "Pods-WeatherForecastTests.release.xcconfig"; path = "Target Support Files/Pods-WeatherForecastTests/Pods-WeatherForecastTests.release.xcconfig"; sourceTree = "<group>"; };
		8A5818829544CAB829196784 /* Pods-WeatherForecast.release.xcconfig */ = {isa = PBXFileReference; includeInIndex = 1; lastKnownFileType = text.xcconfig; name = "Pods-WeatherForecast.release.xcconfig"; path = "Target Support Files/Pods-WeatherForecast/Pods-WeatherForecast.release.xcconfig"; sourceTree = "<group>"; };
		9B16C859BA50E5041C1629EC /* Pods-WeatherForecast.debug.xcconfig */ = {isa = PBXFileReference; includeInIndex = 1; lastKnownFileType = text.xcconfig; name = "Pods-WeatherForecast.debug.xcconfig"; path = "Target Support Files/Pods-WeatherForecast/Pods-WeatherForecast.debug.xcconfig"; sourceTree = "<group>"; };
		A4B76064C981045D79CAC55E /* Pods-WeatherForecast-WeatherForecastUITests.debug.xcconfig */ = {isa = PBXFileReference; includeInIndex = 1; lastKnownFileType = text.xcconfig; name = "Pods-WeatherForecast-WeatherForecastUITests.debug.xcconfig"; path = "Target Support Files/Pods-WeatherForecast-WeatherForecastUITests/Pods-WeatherForecast-WeatherForecastUITests.debug.xcconfig"; sourceTree = "<group>"; };
		E3573B02E094E872064EE585 /* Pods_WeatherForecast_WeatherForecastUITests.framework */ = {isa = PBXFileReference; explicitFileType = wrapper.framework; includeInIndex = 0; path = Pods_WeatherForecast_WeatherForecastUITests.framework; sourceTree = BUILT_PRODUCTS_DIR; };
		FBAF6CA77872D829ABE47EAD /* Pods_WeatherForecast.framework */ = {isa = PBXFileReference; explicitFileType = wrapper.framework; includeInIndex = 0; path = Pods_WeatherForecast.framework; sourceTree = BUILT_PRODUCTS_DIR; };
/* End PBXFileReference section */

/* Begin PBXFrameworksBuildPhase section */
		5E6B6B5524DA5EEC00EEABDF /* Frameworks */ = {
			isa = PBXFrameworksBuildPhase;
			buildActionMask = 2147483647;
			files = (
				9C5C2CE0DF25C40E45D25A82 /* Pods_WeatherForecast.framework in Frameworks */,
			);
			runOnlyForDeploymentPostprocessing = 0;
		};
		5E6B6B6B24DA5EEE00EEABDF /* Frameworks */ = {
			isa = PBXFrameworksBuildPhase;
			buildActionMask = 2147483647;
			files = (
				3CC81B0A95EA0AE0AC0DE03C /* Pods_WeatherForecastTests.framework in Frameworks */,
			);
			runOnlyForDeploymentPostprocessing = 0;
		};
		5E6B6B7624DA5EEE00EEABDF /* Frameworks */ = {
			isa = PBXFrameworksBuildPhase;
			buildActionMask = 2147483647;
			files = (
				3E089EB45FC3888F1ADB84E2 /* Pods_WeatherForecast_WeatherForecastUITests.framework in Frameworks */,
			);
			runOnlyForDeploymentPostprocessing = 0;
		};
/* End PBXFrameworksBuildPhase section */

/* Begin PBXGroup section */
		53D8797DE3197DF7717AFBA6 /* Frameworks */ = {
			isa = PBXGroup;
			children = (
				FBAF6CA77872D829ABE47EAD /* Pods_WeatherForecast.framework */,
				E3573B02E094E872064EE585 /* Pods_WeatherForecast_WeatherForecastUITests.framework */,
				28E0E369D28A08D4E9452B61 /* Pods_WeatherForecastTests.framework */,
			);
			name = Frameworks;
			sourceTree = "<group>";
		};
		5E6B6B4F24DA5EEC00EEABDF = {
			isa = PBXGroup;
			children = (
				5E6B6B5A24DA5EEC00EEABDF /* WeatherForecast */,
				5E6B6B7124DA5EEE00EEABDF /* WeatherForecastTests */,
				5E6B6B7C24DA5EEE00EEABDF /* WeatherForecastUITests */,
				5E6B6B5924DA5EEC00EEABDF /* Products */,
				DA1A6D10C3DA12738B13EBA8 /* Pods */,
				53D8797DE3197DF7717AFBA6 /* Frameworks */,
			);
			sourceTree = "<group>";
		};
		5E6B6B5924DA5EEC00EEABDF /* Products */ = {
			isa = PBXGroup;
			children = (
				5E6B6B5824DA5EEC00EEABDF /* WeatherForecast.app */,
				5E6B6B6E24DA5EEE00EEABDF /* WeatherForecastTests.xctest */,
				5E6B6B7924DA5EEE00EEABDF /* WeatherForecastUITests.xctest */,
			);
			name = Products;
			sourceTree = "<group>";
		};
		5E6B6B5A24DA5EEC00EEABDF /* WeatherForecast */ = {
			isa = PBXGroup;
			children = (
				5EAA3A9024DBADD0000BAE93 /* Utils */,
				5E6B6B8B24DA616900EEABDF /* App */,
				5E6B6B8C24DA617C00EEABDF /* Manager */,
				5E6B6B8E24DA618C00EEABDF /* Model */,
				5E6B6B8D24DA618200EEABDF /* Presenter */,
				5E6B6B9124DA621700EEABDF /* Storyboards */,
				5E6B6B9024DA61EB00EEABDF /* Supporting Files */,
				5E6B6B8F24DA619200EEABDF /* Views */,
			);
			path = WeatherForecast;
			sourceTree = "<group>";
		};
		5E6B6B7124DA5EEE00EEABDF /* WeatherForecastTests */ = {
			isa = PBXGroup;
			children = (
				5E6B6B7224DA5EEE00EEABDF /* WeatherForecastTests.swift */,
				5E6B6B7424DA5EEE00EEABDF /* Info.plist */,
				5EAA3A8A24DB2BA8000BAE93 /* APIManagerTest.swift */,
				5EE7B4C124DD324D00173C24 /* WeatherForecastTableViewCellTest.swift */,
				5EE7B4C324DD3BA900173C24 /* WeatherForecastListViewPresenterTest.swift */,
			);
			path = WeatherForecastTests;
			sourceTree = "<group>";
		};
		5E6B6B7C24DA5EEE00EEABDF /* WeatherForecastUITests */ = {
			isa = PBXGroup;
			children = (
				5E6B6B7D24DA5EEE00EEABDF /* WeatherForecastUITests.swift */,
				5E6B6B7F24DA5EEE00EEABDF /* Info.plist */,
			);
			path = WeatherForecastUITests;
			sourceTree = "<group>";
		};
		5E6B6B8B24DA616900EEABDF /* App */ = {
			isa = PBXGroup;
			children = (
				5E6B6B5D24DA5EEC00EEABDF /* SceneDelegate.swift */,
				5E6B6B5B24DA5EEC00EEABDF /* AppDelegate.swift */,
			);
			path = App;
			sourceTree = "<group>";
		};
		5E6B6B8C24DA617C00EEABDF /* Manager */ = {
			isa = PBXGroup;
			children = (
				5EAA3A7E24DA9B32000BAE93 /* APIManager.swift */,
				5EAA3A8624DB00BC000BAE93 /* Cache.swift */,
			);
			path = Manager;
			sourceTree = "<group>";
		};
		5E6B6B8D24DA618200EEABDF /* Presenter */ = {
			isa = PBXGroup;
			children = (
				5EAA3A8824DB2B4C000BAE93 /* WeatherForecastListViewPresenter.swift */,
			);
			path = Presenter;
			sourceTree = "<group>";
		};
		5E6B6B8E24DA618C00EEABDF /* Model */ = {
			isa = PBXGroup;
			children = (
				5E6B6B9224DA654F00EEABDF /* Coordinate.swift */,
				5E6B6B9424DA65E500EEABDF /* City.swift */,
				5E6B6B9624DA677500EEABDF /* WeatherItem.swift */,
				5E6B6B9824DA679E00EEABDF /* Weather.swift */,
				5E6B6B9A24DA67FE00EEABDF /* Temperature.swift */,
				5EAA3A8424DACB8A000BAE93 /* WeatherForcecast.swift */,
			);
			path = Model;
			sourceTree = "<group>";
		};
		5E6B6B8F24DA619200EEABDF /* Views */ = {
			isa = PBXGroup;
			children = (
				5E6B6B5F24DA5EEC00EEABDF /* WeatherForeCastViewController.swift */,
				5EAA3A8C24DBA58F000BAE93 /* WeatherForecastTableViewCell.swift */,
				5EAA3A8D24DBA58F000BAE93 /* WeatherForecastTableViewCell.xib */,
			);
			path = Views;
			sourceTree = "<group>";
		};
		5E6B6B9024DA61EB00EEABDF /* Supporting Files */ = {
			isa = PBXGroup;
			children = (
				5EAA3A8224DAAA34000BAE93 /* Info.plist */,
				5E6B6B6624DA5EED00EEABDF /* LaunchScreen.storyboard */,
				5E6B6B6424DA5EED00EEABDF /* Assets.xcassets */,
			);
			path = "Supporting Files";
			sourceTree = "<group>";
		};
		5E6B6B9124DA621700EEABDF /* Storyboards */ = {
			isa = PBXGroup;
			children = (
				5E6B6B6124DA5EEC00EEABDF /* Main.storyboard */,
			);
			path = Storyboards;
			sourceTree = "<group>";
		};
		5EAA3A9024DBADD0000BAE93 /* Utils */ = {
			isa = PBXGroup;
			children = (
				5EAA3A9124DBADEA000BAE93 /* Date+Formatter.swift */,
				5EE7B4BC24DD0D4200173C24 /* InternetConnection.swift */,
			);
			path = Utils;
			sourceTree = "<group>";
		};
		DA1A6D10C3DA12738B13EBA8 /* Pods */ = {
			isa = PBXGroup;
			children = (
				9B16C859BA50E5041C1629EC /* Pods-WeatherForecast.debug.xcconfig */,
				8A5818829544CAB829196784 /* Pods-WeatherForecast.release.xcconfig */,
				A4B76064C981045D79CAC55E /* Pods-WeatherForecast-WeatherForecastUITests.debug.xcconfig */,
				756F02F42876D0EE280CB968 /* Pods-WeatherForecast-WeatherForecastUITests.release.xcconfig */,
				788A68752194742968223ACD /* Pods-WeatherForecastTests.debug.xcconfig */,
				82D822B1664FE2E10348086F /* Pods-WeatherForecastTests.release.xcconfig */,
			);
			path = Pods;
			sourceTree = "<group>";
		};
/* End PBXGroup section */

/* Begin PBXNativeTarget section */
		5E6B6B5724DA5EEC00EEABDF /* WeatherForecast */ = {
			isa = PBXNativeTarget;
			buildConfigurationList = 5E6B6B8224DA5EEE00EEABDF /* Build configuration list for PBXNativeTarget "WeatherForecast" */;
			buildPhases = (
				A1DA547C58EBAD76B051C62B /* [CP] Check Pods Manifest.lock */,
				5E6B6B5424DA5EEC00EEABDF /* Sources */,
				5E6B6B5524DA5EEC00EEABDF /* Frameworks */,
				5E6B6B5624DA5EEC00EEABDF /* Resources */,
				819681C707C38CF90990491E /* [CP] Embed Pods Frameworks */,
			);
			buildRules = (
			);
			dependencies = (
			);
			name = WeatherForecast;
			productName = WeatherForecast;
			productReference = 5E6B6B5824DA5EEC00EEABDF /* WeatherForecast.app */;
			productType = "com.apple.product-type.application";
		};
		5E6B6B6D24DA5EEE00EEABDF /* WeatherForecastTests */ = {
			isa = PBXNativeTarget;
			buildConfigurationList = 5E6B6B8524DA5EEE00EEABDF /* Build configuration list for PBXNativeTarget "WeatherForecastTests" */;
			buildPhases = (
				8BA26F8D91ADF3C25C25E559 /* [CP] Check Pods Manifest.lock */,
				5E6B6B6A24DA5EEE00EEABDF /* Sources */,
				5E6B6B6B24DA5EEE00EEABDF /* Frameworks */,
				5E6B6B6C24DA5EEE00EEABDF /* Resources */,
			);
			buildRules = (
			);
			dependencies = (
				5E6B6B7024DA5EEE00EEABDF /* PBXTargetDependency */,
			);
			name = WeatherForecastTests;
			productName = WeatherForecastTests;
			productReference = 5E6B6B6E24DA5EEE00EEABDF /* WeatherForecastTests.xctest */;
			productType = "com.apple.product-type.bundle.unit-test";
		};
		5E6B6B7824DA5EEE00EEABDF /* WeatherForecastUITests */ = {
			isa = PBXNativeTarget;
			buildConfigurationList = 5E6B6B8824DA5EEE00EEABDF /* Build configuration list for PBXNativeTarget "WeatherForecastUITests" */;
			buildPhases = (
				11BE243ECC8142E1FDC53F0F /* [CP] Check Pods Manifest.lock */,
				5E6B6B7524DA5EEE00EEABDF /* Sources */,
				5E6B6B7624DA5EEE00EEABDF /* Frameworks */,
				5E6B6B7724DA5EEE00EEABDF /* Resources */,
				C1B4731230729013C8A57339 /* [CP] Embed Pods Frameworks */,
			);
			buildRules = (
			);
			dependencies = (
				5E6B6B7B24DA5EEE00EEABDF /* PBXTargetDependency */,
			);
			name = WeatherForecastUITests;
			productName = WeatherForecastUITests;
			productReference = 5E6B6B7924DA5EEE00EEABDF /* WeatherForecastUITests.xctest */;
			productType = "com.apple.product-type.bundle.ui-testing";
		};
/* End PBXNativeTarget section */

/* Begin PBXProject section */
		5E6B6B5024DA5EEC00EEABDF /* Project object */ = {
			isa = PBXProject;
			attributes = {
				LastSwiftUpdateCheck = 1160;
				LastUpgradeCheck = 1160;
				ORGANIZATIONNAME = "Cuong Nguyen";
				TargetAttributes = {
					5E6B6B5724DA5EEC00EEABDF = {
						CreatedOnToolsVersion = 11.6;
					};
					5E6B6B6D24DA5EEE00EEABDF = {
						CreatedOnToolsVersion = 11.6;
						TestTargetID = 5E6B6B5724DA5EEC00EEABDF;
					};
					5E6B6B7824DA5EEE00EEABDF = {
						CreatedOnToolsVersion = 11.6;
						TestTargetID = 5E6B6B5724DA5EEC00EEABDF;
					};
				};
			};
			buildConfigurationList = 5E6B6B5324DA5EEC00EEABDF /* Build configuration list for PBXProject "WeatherForecast" */;
			compatibilityVersion = "Xcode 9.3";
			developmentRegion = en;
			hasScannedForEncodings = 0;
			knownRegions = (
				en,
				Base,
			);
			mainGroup = 5E6B6B4F24DA5EEC00EEABDF;
			productRefGroup = 5E6B6B5924DA5EEC00EEABDF /* Products */;
			projectDirPath = "";
			projectRoot = "";
			targets = (
				5E6B6B5724DA5EEC00EEABDF /* WeatherForecast */,
				5E6B6B6D24DA5EEE00EEABDF /* WeatherForecastTests */,
				5E6B6B7824DA5EEE00EEABDF /* WeatherForecastUITests */,
			);
		};
/* End PBXProject section */

/* Begin PBXResourcesBuildPhase section */
		5E6B6B5624DA5EEC00EEABDF /* Resources */ = {
			isa = PBXResourcesBuildPhase;
			buildActionMask = 2147483647;
			files = (
				5E6B6B6824DA5EED00EEABDF /* LaunchScreen.storyboard in Resources */,
				5E6B6B6524DA5EED00EEABDF /* Assets.xcassets in Resources */,
				5EAA3A8F24DBA58F000BAE93 /* WeatherForecastTableViewCell.xib in Resources */,
				5E6B6B6324DA5EEC00EEABDF /* Main.storyboard in Resources */,
			);
			runOnlyForDeploymentPostprocessing = 0;
		};
		5E6B6B6C24DA5EEE00EEABDF /* Resources */ = {
			isa = PBXResourcesBuildPhase;
			buildActionMask = 2147483647;
			files = (
			);
			runOnlyForDeploymentPostprocessing = 0;
		};
		5E6B6B7724DA5EEE00EEABDF /* Resources */ = {
			isa = PBXResourcesBuildPhase;
			buildActionMask = 2147483647;
			files = (
			);
			runOnlyForDeploymentPostprocessing = 0;
		};
/* End PBXResourcesBuildPhase section */

/* Begin PBXShellScriptBuildPhase section */
		11BE243ECC8142E1FDC53F0F /* [CP] Check Pods Manifest.lock */ = {
			isa = PBXShellScriptBuildPhase;
			buildActionMask = 2147483647;
			files = (
			);
			inputFileListPaths = (
			);
			inputPaths = (
				"${PODS_PODFILE_DIR_PATH}/Podfile.lock",
				"${PODS_ROOT}/Manifest.lock",
			);
			name = "[CP] Check Pods Manifest.lock";
			outputFileListPaths = (
			);
			outputPaths = (
				"$(DERIVED_FILE_DIR)/Pods-WeatherForecast-WeatherForecastUITests-checkManifestLockResult.txt",
			);
			runOnlyForDeploymentPostprocessing = 0;
			shellPath = /bin/sh;
			shellScript = "diff \"${PODS_PODFILE_DIR_PATH}/Podfile.lock\" \"${PODS_ROOT}/Manifest.lock\" > /dev/null\nif [ $? != 0 ] ; then\n    # print error to STDERR\n    echo \"error: The sandbox is not in sync with the Podfile.lock. Run 'pod install' or update your CocoaPods installation.\" >&2\n    exit 1\nfi\n# This output is used by Xcode 'outputs' to avoid re-running this script phase.\necho \"SUCCESS\" > \"${SCRIPT_OUTPUT_FILE_0}\"\n";
			showEnvVarsInLog = 0;
		};
		819681C707C38CF90990491E /* [CP] Embed Pods Frameworks */ = {
			isa = PBXShellScriptBuildPhase;
			buildActionMask = 2147483647;
			files = (
			);
			inputFileListPaths = (
				"${PODS_ROOT}/Target Support Files/Pods-WeatherForecast/Pods-WeatherForecast-frameworks-${CONFIGURATION}-input-files.xcfilelist",
			);
			name = "[CP] Embed Pods Frameworks";
			outputFileListPaths = (
				"${PODS_ROOT}/Target Support Files/Pods-WeatherForecast/Pods-WeatherForecast-frameworks-${CONFIGURATION}-output-files.xcfilelist",
			);
			runOnlyForDeploymentPostprocessing = 0;
			shellPath = /bin/sh;
			shellScript = "\"${PODS_ROOT}/Target Support Files/Pods-WeatherForecast/Pods-WeatherForecast-frameworks.sh\"\n";
			showEnvVarsInLog = 0;
		};
		8BA26F8D91ADF3C25C25E559 /* [CP] Check Pods Manifest.lock */ = {
			isa = PBXShellScriptBuildPhase;
			buildActionMask = 2147483647;
			files = (
			);
			inputFileListPaths = (
			);
			inputPaths = (
				"${PODS_PODFILE_DIR_PATH}/Podfile.lock",
				"${PODS_ROOT}/Manifest.lock",
			);
			name = "[CP] Check Pods Manifest.lock";
			outputFileListPaths = (
			);
			outputPaths = (
				"$(DERIVED_FILE_DIR)/Pods-WeatherForecastTests-checkManifestLockResult.txt",
			);
			runOnlyForDeploymentPostprocessing = 0;
			shellPath = /bin/sh;
			shellScript = "diff \"${PODS_PODFILE_DIR_PATH}/Podfile.lock\" \"${PODS_ROOT}/Manifest.lock\" > /dev/null\nif [ $? != 0 ] ; then\n    # print error to STDERR\n    echo \"error: The sandbox is not in sync with the Podfile.lock. Run 'pod install' or update your CocoaPods installation.\" >&2\n    exit 1\nfi\n# This output is used by Xcode 'outputs' to avoid re-running this script phase.\necho \"SUCCESS\" > \"${SCRIPT_OUTPUT_FILE_0}\"\n";
			showEnvVarsInLog = 0;
		};
		A1DA547C58EBAD76B051C62B /* [CP] Check Pods Manifest.lock */ = {
			isa = PBXShellScriptBuildPhase;
			buildActionMask = 2147483647;
			files = (
			);
			inputFileListPaths = (
			);
			inputPaths = (
				"${PODS_PODFILE_DIR_PATH}/Podfile.lock",
				"${PODS_ROOT}/Manifest.lock",
			);
			name = "[CP] Check Pods Manifest.lock";
			outputFileListPaths = (
			);
			outputPaths = (
				"$(DERIVED_FILE_DIR)/Pods-WeatherForecast-checkManifestLockResult.txt",
			);
			runOnlyForDeploymentPostprocessing = 0;
			shellPath = /bin/sh;
			shellScript = "diff \"${PODS_PODFILE_DIR_PATH}/Podfile.lock\" \"${PODS_ROOT}/Manifest.lock\" > /dev/null\nif [ $? != 0 ] ; then\n    # print error to STDERR\n    echo \"error: The sandbox is not in sync with the Podfile.lock. Run 'pod install' or update your CocoaPods installation.\" >&2\n    exit 1\nfi\n# This output is used by Xcode 'outputs' to avoid re-running this script phase.\necho \"SUCCESS\" > \"${SCRIPT_OUTPUT_FILE_0}\"\n";
			showEnvVarsInLog = 0;
		};
		C1B4731230729013C8A57339 /* [CP] Embed Pods Frameworks */ = {
			isa = PBXShellScriptBuildPhase;
			buildActionMask = 2147483647;
			files = (
			);
			inputFileListPaths = (
				"${PODS_ROOT}/Target Support Files/Pods-WeatherForecast-WeatherForecastUITests/Pods-WeatherForecast-WeatherForecastUITests-frameworks-${CONFIGURATION}-input-files.xcfilelist",
			);
			name = "[CP] Embed Pods Frameworks";
			outputFileListPaths = (
				"${PODS_ROOT}/Target Support Files/Pods-WeatherForecast-WeatherForecastUITests/Pods-WeatherForecast-WeatherForecastUITests-frameworks-${CONFIGURATION}-output-files.xcfilelist",
			);
			runOnlyForDeploymentPostprocessing = 0;
			shellPath = /bin/sh;
			shellScript = "\"${PODS_ROOT}/Target Support Files/Pods-WeatherForecast-WeatherForecastUITests/Pods-WeatherForecast-WeatherForecastUITests-frameworks.sh\"\n";
			showEnvVarsInLog = 0;
		};
/* End PBXShellScriptBuildPhase section */

/* Begin PBXSourcesBuildPhase section */
		5E6B6B5424DA5EEC00EEABDF /* Sources */ = {
			isa = PBXSourcesBuildPhase;
			buildActionMask = 2147483647;
			files = (
				5EAA3A8E24DBA58F000BAE93 /* WeatherForecastTableViewCell.swift in Sources */,
				5EAA3A8724DB00BC000BAE93 /* Cache.swift in Sources */,
				5E6B6B6024DA5EEC00EEABDF /* WeatherForeCastViewController.swift in Sources */,
				5EAA3A7F24DA9B32000BAE93 /* APIManager.swift in Sources */,
				5EAA3A9224DBADEA000BAE93 /* Date+Formatter.swift in Sources */,
				5E6B6B9524DA65E500EEABDF /* City.swift in Sources */,
				5E6B6B9B24DA67FE00EEABDF /* Temperature.swift in Sources */,
				5E6B6B5C24DA5EEC00EEABDF /* AppDelegate.swift in Sources */,
				5EAA3A8524DACB8A000BAE93 /* WeatherForcecast.swift in Sources */,
				5EE7B4BD24DD0D4200173C24 /* InternetConnection.swift in Sources */,
				5EAA3A8924DB2B4C000BAE93 /* WeatherForecastListViewPresenter.swift in Sources */,
				5E6B6B5E24DA5EEC00EEABDF /* SceneDelegate.swift in Sources */,
				5E6B6B9324DA654F00EEABDF /* Coordinate.swift in Sources */,
				5E6B6B9724DA677500EEABDF /* WeatherItem.swift in Sources */,
				5E6B6B9924DA679E00EEABDF /* Weather.swift in Sources */,
			);
			runOnlyForDeploymentPostprocessing = 0;
		};
		5E6B6B6A24DA5EEE00EEABDF /* Sources */ = {
			isa = PBXSourcesBuildPhase;
			buildActionMask = 2147483647;
			files = (
				5EAA3A8B24DB2BA8000BAE93 /* APIManagerTest.swift in Sources */,
				5E6B6B7324DA5EEE00EEABDF /* WeatherForecastTests.swift in Sources */,
				5EE7B4C224DD324D00173C24 /* WeatherForecastTableViewCellTest.swift in Sources */,
				5EE7B4C424DD3BA900173C24 /* WeatherForecastListViewPresenterTest.swift in Sources */,
			);
			runOnlyForDeploymentPostprocessing = 0;
		};
		5E6B6B7524DA5EEE00EEABDF /* Sources */ = {
			isa = PBXSourcesBuildPhase;
			buildActionMask = 2147483647;
			files = (
				5E6B6B7E24DA5EEE00EEABDF /* WeatherForecastUITests.swift in Sources */,
			);
			runOnlyForDeploymentPostprocessing = 0;
		};
/* End PBXSourcesBuildPhase section */

/* Begin PBXTargetDependency section */
		5E6B6B7024DA5EEE00EEABDF /* PBXTargetDependency */ = {
			isa = PBXTargetDependency;
			target = 5E6B6B5724DA5EEC00EEABDF /* WeatherForecast */;
			targetProxy = 5E6B6B6F24DA5EEE00EEABDF /* PBXContainerItemProxy */;
		};
		5E6B6B7B24DA5EEE00EEABDF /* PBXTargetDependency */ = {
			isa = PBXTargetDependency;
			target = 5E6B6B5724DA5EEC00EEABDF /* WeatherForecast */;
			targetProxy = 5E6B6B7A24DA5EEE00EEABDF /* PBXContainerItemProxy */;
		};
/* End PBXTargetDependency section */

/* Begin PBXVariantGroup section */
		5E6B6B6124DA5EEC00EEABDF /* Main.storyboard */ = {
			isa = PBXVariantGroup;
			children = (
				5E6B6B6224DA5EEC00EEABDF /* Base */,
			);
			name = Main.storyboard;
			sourceTree = "<group>";
		};
		5E6B6B6624DA5EED00EEABDF /* LaunchScreen.storyboard */ = {
			isa = PBXVariantGroup;
			children = (
				5E6B6B6724DA5EED00EEABDF /* Base */,
			);
			name = LaunchScreen.storyboard;
			sourceTree = "<group>";
		};
/* End PBXVariantGroup section */

/* Begin XCBuildConfiguration section */
		5E6B6B8024DA5EEE00EEABDF /* Debug */ = {
			isa = XCBuildConfiguration;
			buildSettings = {
				ALWAYS_SEARCH_USER_PATHS = NO;
				CLANG_ANALYZER_NONNULL = YES;
				CLANG_ANALYZER_NUMBER_OBJECT_CONVERSION = YES_AGGRESSIVE;
				CLANG_CXX_LANGUAGE_STANDARD = "gnu++14";
				CLANG_CXX_LIBRARY = "libc++";
				CLANG_ENABLE_MODULES = YES;
				CLANG_ENABLE_OBJC_ARC = YES;
				CLANG_ENABLE_OBJC_WEAK = YES;
				CLANG_WARN_BLOCK_CAPTURE_AUTORELEASING = YES;
				CLANG_WARN_BOOL_CONVERSION = YES;
				CLANG_WARN_COMMA = YES;
				CLANG_WARN_CONSTANT_CONVERSION = YES;
				CLANG_WARN_DEPRECATED_OBJC_IMPLEMENTATIONS = YES;
				CLANG_WARN_DIRECT_OBJC_ISA_USAGE = YES_ERROR;
				CLANG_WARN_DOCUMENTATION_COMMENTS = YES;
				CLANG_WARN_EMPTY_BODY = YES;
				CLANG_WARN_ENUM_CONVERSION = YES;
				CLANG_WARN_INFINITE_RECURSION = YES;
				CLANG_WARN_INT_CONVERSION = YES;
				CLANG_WARN_NON_LITERAL_NULL_CONVERSION = YES;
				CLANG_WARN_OBJC_IMPLICIT_RETAIN_SELF = YES;
				CLANG_WARN_OBJC_LITERAL_CONVERSION = YES;
				CLANG_WARN_OBJC_ROOT_CLASS = YES_ERROR;
				CLANG_WARN_RANGE_LOOP_ANALYSIS = YES;
				CLANG_WARN_STRICT_PROTOTYPES = YES;
				CLANG_WARN_SUSPICIOUS_MOVE = YES;
				CLANG_WARN_UNGUARDED_AVAILABILITY = YES_AGGRESSIVE;
				CLANG_WARN_UNREACHABLE_CODE = YES;
				CLANG_WARN__DUPLICATE_METHOD_MATCH = YES;
				COPY_PHASE_STRIP = NO;
				DEBUG_INFORMATION_FORMAT = dwarf;
				ENABLE_STRICT_OBJC_MSGSEND = YES;
				ENABLE_TESTABILITY = YES;
				GCC_C_LANGUAGE_STANDARD = gnu11;
				GCC_DYNAMIC_NO_PIC = NO;
				GCC_NO_COMMON_BLOCKS = YES;
				GCC_OPTIMIZATION_LEVEL = 0;
				GCC_PREPROCESSOR_DEFINITIONS = (
					"DEBUG=1",
					"$(inherited)",
				);
				GCC_WARN_64_TO_32_BIT_CONVERSION = YES;
				GCC_WARN_ABOUT_RETURN_TYPE = YES_ERROR;
				GCC_WARN_UNDECLARED_SELECTOR = YES;
				GCC_WARN_UNINITIALIZED_AUTOS = YES_AGGRESSIVE;
				GCC_WARN_UNUSED_FUNCTION = YES;
				GCC_WARN_UNUSED_VARIABLE = YES;
				IPHONEOS_DEPLOYMENT_TARGET = 13.6;
				MTL_ENABLE_DEBUG_INFO = INCLUDE_SOURCE;
				MTL_FAST_MATH = YES;
				ONLY_ACTIVE_ARCH = YES;
				SDKROOT = iphoneos;
				SWIFT_ACTIVE_COMPILATION_CONDITIONS = DEBUG;
				SWIFT_OPTIMIZATION_LEVEL = "-Onone";
			};
			name = Debug;
		};
		5E6B6B8124DA5EEE00EEABDF /* Release */ = {
			isa = XCBuildConfiguration;
			buildSettings = {
				ALWAYS_SEARCH_USER_PATHS = NO;
				CLANG_ANALYZER_NONNULL = YES;
				CLANG_ANALYZER_NUMBER_OBJECT_CONVERSION = YES_AGGRESSIVE;
				CLANG_CXX_LANGUAGE_STANDARD = "gnu++14";
				CLANG_CXX_LIBRARY = "libc++";
				CLANG_ENABLE_MODULES = YES;
				CLANG_ENABLE_OBJC_ARC = YES;
				CLANG_ENABLE_OBJC_WEAK = YES;
				CLANG_WARN_BLOCK_CAPTURE_AUTORELEASING = YES;
				CLANG_WARN_BOOL_CONVERSION = YES;
				CLANG_WARN_COMMA = YES;
				CLANG_WARN_CONSTANT_CONVERSION = YES;
				CLANG_WARN_DEPRECATED_OBJC_IMPLEMENTATIONS = YES;
				CLANG_WARN_DIRECT_OBJC_ISA_USAGE = YES_ERROR;
				CLANG_WARN_DOCUMENTATION_COMMENTS = YES;
				CLANG_WARN_EMPTY_BODY = YES;
				CLANG_WARN_ENUM_CONVERSION = YES;
				CLANG_WARN_INFINITE_RECURSION = YES;
				CLANG_WARN_INT_CONVERSION = YES;
				CLANG_WARN_NON_LITERAL_NULL_CONVERSION = YES;
				CLANG_WARN_OBJC_IMPLICIT_RETAIN_SELF = YES;
				CLANG_WARN_OBJC_LITERAL_CONVERSION = YES;
				CLANG_WARN_OBJC_ROOT_CLASS = YES_ERROR;
				CLANG_WARN_RANGE_LOOP_ANALYSIS = YES;
				CLANG_WARN_STRICT_PROTOTYPES = YES;
				CLANG_WARN_SUSPICIOUS_MOVE = YES;
				CLANG_WARN_UNGUARDED_AVAILABILITY = YES_AGGRESSIVE;
				CLANG_WARN_UNREACHABLE_CODE = YES;
				CLANG_WARN__DUPLICATE_METHOD_MATCH = YES;
				COPY_PHASE_STRIP = NO;
				DEBUG_INFORMATION_FORMAT = "dwarf-with-dsym";
				ENABLE_NS_ASSERTIONS = NO;
				ENABLE_STRICT_OBJC_MSGSEND = YES;
				GCC_C_LANGUAGE_STANDARD = gnu11;
				GCC_NO_COMMON_BLOCKS = YES;
				GCC_WARN_64_TO_32_BIT_CONVERSION = YES;
				GCC_WARN_ABOUT_RETURN_TYPE = YES_ERROR;
				GCC_WARN_UNDECLARED_SELECTOR = YES;
				GCC_WARN_UNINITIALIZED_AUTOS = YES_AGGRESSIVE;
				GCC_WARN_UNUSED_FUNCTION = YES;
				GCC_WARN_UNUSED_VARIABLE = YES;
				IPHONEOS_DEPLOYMENT_TARGET = 13.6;
				MTL_ENABLE_DEBUG_INFO = NO;
				MTL_FAST_MATH = YES;
				SDKROOT = iphoneos;
				SWIFT_COMPILATION_MODE = wholemodule;
				SWIFT_OPTIMIZATION_LEVEL = "-O";
				VALIDATE_PRODUCT = YES;
			};
			name = Release;
		};
		5E6B6B8324DA5EEE00EEABDF /* Debug */ = {
			isa = XCBuildConfiguration;
			baseConfigurationReference = 9B16C859BA50E5041C1629EC /* Pods-WeatherForecast.debug.xcconfig */;
			buildSettings = {
				ASSETCATALOG_COMPILER_APPICON_NAME = AppIcon;
				CODE_SIGN_STYLE = Automatic;
				INFOPLIST_FILE = "WeatherForecast/Supporting Files/Info.plist";
				LD_RUNPATH_SEARCH_PATHS = (
					"$(inherited)",
					"@executable_path/Frameworks",
				);
				PRODUCT_BUNDLE_IDENTIFIER = cuongn.dev.WeatherForecast;
				PRODUCT_NAME = "$(TARGET_NAME)";
				SWIFT_VERSION = 5.0;
				TARGETED_DEVICE_FAMILY = 1;
			};
			name = Debug;
		};
		5E6B6B8424DA5EEE00EEABDF /* Release */ = {
			isa = XCBuildConfiguration;
			baseConfigurationReference = 8A5818829544CAB829196784 /* Pods-WeatherForecast.release.xcconfig */;
			buildSettings = {
				ASSETCATALOG_COMPILER_APPICON_NAME = AppIcon;
				CODE_SIGN_STYLE = Automatic;
				INFOPLIST_FILE = "WeatherForecast/Supporting Files/Info.plist";
				LD_RUNPATH_SEARCH_PATHS = (
					"$(inherited)",
					"@executable_path/Frameworks",
				);
				PRODUCT_BUNDLE_IDENTIFIER = cuongn.dev.WeatherForecast;
				PRODUCT_NAME = "$(TARGET_NAME)";
				SWIFT_VERSION = 5.0;
				TARGETED_DEVICE_FAMILY = 1;
			};
			name = Release;
		};
		5E6B6B8624DA5EEE00EEABDF /* Debug */ = {
			isa = XCBuildConfiguration;
			baseConfigurationReference = 788A68752194742968223ACD /* Pods-WeatherForecastTests.debug.xcconfig */;
			buildSettings = {
				ALWAYS_EMBED_SWIFT_STANDARD_LIBRARIES = YES;
				BUNDLE_LOADER = "$(TEST_HOST)";
				CODE_SIGN_STYLE = Automatic;
				INFOPLIST_FILE = WeatherForecastTests/Info.plist;
				IPHONEOS_DEPLOYMENT_TARGET = 13.6;
				LD_RUNPATH_SEARCH_PATHS = (
					"$(inherited)",
					"@executable_path/Frameworks",
					"@loader_path/Frameworks",
				);
				PRODUCT_BUNDLE_IDENTIFIER = cuongn.dev.WeatherForecastTests;
				PRODUCT_NAME = "$(TARGET_NAME)";
				SWIFT_VERSION = 5.0;
				TARGETED_DEVICE_FAMILY = "1,2";
				TEST_HOST = "$(BUILT_PRODUCTS_DIR)/WeatherForecast.app/WeatherForecast";
			};
			name = Debug;
		};
		5E6B6B8724DA5EEE00EEABDF /* Release */ = {
			isa = XCBuildConfiguration;
			baseConfigurationReference = 82D822B1664FE2E10348086F /* Pods-WeatherForecastTests.release.xcconfig */;
			buildSettings = {
				ALWAYS_EMBED_SWIFT_STANDARD_LIBRARIES = YES;
				BUNDLE_LOADER = "$(TEST_HOST)";
				CODE_SIGN_STYLE = Automatic;
				INFOPLIST_FILE = WeatherForecastTests/Info.plist;
				IPHONEOS_DEPLOYMENT_TARGET = 13.6;
				LD_RUNPATH_SEARCH_PATHS = (
					"$(inherited)",
					"@executable_path/Frameworks",
					"@loader_path/Frameworks",
				);
				PRODUCT_BUNDLE_IDENTIFIER = cuongn.dev.WeatherForecastTests;
				PRODUCT_NAME = "$(TARGET_NAME)";
				SWIFT_VERSION = 5.0;
				TARGETED_DEVICE_FAMILY = "1,2";
				TEST_HOST = "$(BUILT_PRODUCTS_DIR)/WeatherForecast.app/WeatherForecast";
			};
			name = Release;
		};
		5E6B6B8924DA5EEE00EEABDF /* Debug */ = {
			isa = XCBuildConfiguration;
			baseConfigurationReference = A4B76064C981045D79CAC55E /* Pods-WeatherForecast-WeatherForecastUITests.debug.xcconfig */;
			buildSettings = {
				ALWAYS_EMBED_SWIFT_STANDARD_LIBRARIES = YES;
				CODE_SIGN_STYLE = Automatic;
				INFOPLIST_FILE = WeatherForecastUITests/Info.plist;
				LD_RUNPATH_SEARCH_PATHS = (
					"$(inherited)",
					"@executable_path/Frameworks",
					"@loader_path/Frameworks",
				);
				PRODUCT_BUNDLE_IDENTIFIER = cuongn.dev.WeatherForecastUITests;
				PRODUCT_NAME = "$(TARGET_NAME)";
				SWIFT_VERSION = 5.0;
				TARGETED_DEVICE_FAMILY = "1,2";
				TEST_TARGET_NAME = WeatherForecast;
			};
			name = Debug;
		};
		5E6B6B8A24DA5EEE00EEABDF /* Release */ = {
			isa = XCBuildConfiguration;
			baseConfigurationReference = 756F02F42876D0EE280CB968 /* Pods-WeatherForecast-WeatherForecastUITests.release.xcconfig */;
			buildSettings = {
				ALWAYS_EMBED_SWIFT_STANDARD_LIBRARIES = YES;
				CODE_SIGN_STYLE = Automatic;
				INFOPLIST_FILE = WeatherForecastUITests/Info.plist;
				LD_RUNPATH_SEARCH_PATHS = (
					"$(inherited)",
					"@executable_path/Frameworks",
					"@loader_path/Frameworks",
				);
				PRODUCT_BUNDLE_IDENTIFIER = cuongn.dev.WeatherForecastUITests;
				PRODUCT_NAME = "$(TARGET_NAME)";
				SWIFT_VERSION = 5.0;
				TARGETED_DEVICE_FAMILY = "1,2";
				TEST_TARGET_NAME = WeatherForecast;
			};
			name = Release;
		};
/* End XCBuildConfiguration section */

/* Begin XCConfigurationList section */
		5E6B6B5324DA5EEC00EEABDF /* Build configuration list for PBXProject "WeatherForecast" */ = {
			isa = XCConfigurationList;
			buildConfigurations = (
				5E6B6B8024DA5EEE00EEABDF /* Debug */,
				5E6B6B8124DA5EEE00EEABDF /* Release */,
			);
			defaultConfigurationIsVisible = 0;
			defaultConfigurationName = Release;
		};
		5E6B6B8224DA5EEE00EEABDF /* Build configuration list for PBXNativeTarget "WeatherForecast" */ = {
			isa = XCConfigurationList;
			buildConfigurations = (
				5E6B6B8324DA5EEE00EEABDF /* Debug */,
				5E6B6B8424DA5EEE00EEABDF /* Release */,
			);
			defaultConfigurationIsVisible = 0;
			defaultConfigurationName = Release;
		};
		5E6B6B8524DA5EEE00EEABDF /* Build configuration list for PBXNativeTarget "WeatherForecastTests" */ = {
			isa = XCConfigurationList;
			buildConfigurations = (
				5E6B6B8624DA5EEE00EEABDF /* Debug */,
				5E6B6B8724DA5EEE00EEABDF /* Release */,
			);
			defaultConfigurationIsVisible = 0;
			defaultConfigurationName = Release;
		};
		5E6B6B8824DA5EEE00EEABDF /* Build configuration list for PBXNativeTarget "WeatherForecastUITests" */ = {
			isa = XCConfigurationList;
			buildConfigurations = (
				5E6B6B8924DA5EEE00EEABDF /* Debug */,
				5E6B6B8A24DA5EEE00EEABDF /* Release */,
			);
			defaultConfigurationIsVisible = 0;
			defaultConfigurationName = Release;
		};
/* End XCConfigurationList section */
	};
	rootObject = 5E6B6B5024DA5EEC00EEABDF /* Project object */;
}
